
Microsoft Visual Studio Solution File, Format Version 12.00
# Visual Studio Version 17
VisualStudioVersion = 17.13.35919.96 d17.13
MinimumVisualStudioVersion = 10.0.40219.1
Project("{FAE04EC0-301F-11D3-BF4B-00C04F79EFBC}") = "modul6_2311104064", "modul6_2311104064\modul6_2311104064.csproj", "{E63CE50B-7E5F-47D2-9461-71CC1C7030FA}"
EndProject
Global
	GlobalSection(SolutionConfigurationPlatforms) = preSolution
		Debug|Any CPU = Debug|Any CPU
		Release|Any CPU = Release|Any CPU
	EndGlobalSection
	GlobalSection(ProjectConfigurationPlatforms) = postSolution
		{E63CE50B-7E5F-47D2-9461-71CC1C7030FA}.Debug|Any CPU.ActiveCfg = Debug|Any CPU
		{E63CE50B-7E5F-47D2-9461-71CC1C7030FA}.Debug|Any CPU.Build.0 = Debug|Any CPU
		{E63CE50B-7E5F-47D2-9461-71CC1C7030FA}.Release|Any CPU.ActiveCfg = Release|Any CPU
		{E63CE50B-7E5F-47D2-9461-71CC1C7030FA}.Release|Any CPU.Build.0 = Release|Any CPU
	EndGlobalSection
	GlobalSection(SolutionProperties) = preSolution
		HideSolutionNode = FALSE
	EndGlobalSection
	GlobalSection(ExtensibilityGlobals) = postSolution
		SolutionGuid = {583E6806-A35E-4555-9B68-7ECC5CC8916C}
	EndGlobalSection
EndGlobal
